
Microsoft Visual Studio Solution File, Format Version 12.00
# Visual Studio Version 16
VisualStudioVersion = 16.0.31729.503
MinimumVisualStudioVersion = 10.0.40219.1
Project("{FAE04EC0-301F-11D3-BF4B-00C04F79EFBC}") = "TestMaker", "TestMaker\TestMaker.csproj", "{3C4D2C6A-C338-4312-B014-BCC1B30CE14C}"
EndProject
Global
	GlobalSection(SolutionConfigurationPlatforms) = preSolution
		Debug|Any CPU = Debug|Any CPU
		Release|Any CPU = Release|Any CPU
	EndGlobalSection
	GlobalSection(ProjectConfigurationPlatforms) = postSolution
		{3C4D2C6A-C338-4312-B014-BCC1B30CE14C}.Debug|Any CPU.ActiveCfg = Debug|Any CPU
		{3C4D2C6A-C338-4312-B014-BCC1B30CE14C}.Debug|Any CPU.Build.0 = Debug|Any CPU
		{3C4D2C6A-C338-4312-B014-BCC1B30CE14C}.Release|Any CPU.ActiveCfg = Release|Any CPU
		{3C4D2C6A-C338-4312-B014-BCC1B30CE14C}.Release|Any CPU.Build.0 = Release|Any CPU
	EndGlobalSection
	GlobalSection(SolutionProperties) = preSolution
		HideSolutionNode = FALSE
	EndGlobalSection
	GlobalSection(ExtensibilityGlobals) = postSolution
		SolutionGuid = {1FFB8540-6FF8-42EB-8E6C-F281773C2F97}
	EndGlobalSection
EndGlobal
